
Microsoft Visual Studio Solution File, Format Version 12.00
# Visual Studio 15
Project("{FAE04EC0-301F-11D3-BF4B-00C04F79EFBC}") = "UnityEngine.UI", "UnityEngine.UI.csproj", "{E991880D-4DD7-A5DE-C90E-CB9DD64410B5}"
EndProject
Project("{FAE04EC0-301F-11D3-BF4B-00C04F79EFBC}") = "UnityEngine.TestRunner", "UnityEngine.TestRunner.csproj", "{27ACD339-C98C-FCED-A3EB-BDB8FD2B03DF}"
EndProject
Project("{FAE04EC0-301F-11D3-BF4B-00C04F79EFBC}") = "Unity.Mathematics", "Unity.Mathematics.csproj", "{E8D4F454-81C6-A2EE-5D73-A59897B92681}"
EndProject
Project("{FAE04EC0-301F-11D3-BF4B-00C04F79EFBC}") = "Unity.2D.Animation.Triangle.Runtime", "Unity.2D.Animation.Triangle.Runtime.csproj", "{0845EBC6-D648-51F7-3EB6-CFACCE1C4429}"
EndProject
Project("{FAE04EC0-301F-11D3-BF4B-00C04F79EFBC}") = "Assembly-CSharp", "Assembly-CSharp.csproj", "{F4439203-C38C-1896-46B8-75AF86568070}"
EndProject
Project("{FAE04EC0-301F-11D3-BF4B-00C04F79EFBC}") = "Unity.Timeline", "Unity.Timeline.csproj", "{2E5B804D-8D4E-D034-C23C-A2125F25B262}"
EndProject
Project("{FAE04EC0-301F-11D3-BF4B-00C04F79EFBC}") = "Unity.TextMeshPro", "Unity.TextMeshPro.csproj", "{93F37667-BAE7-D1F7-84FB-3A22A482D679}"
EndProject
Project("{FAE04EC0-301F-11D3-BF4B-00C04F79EFBC}") = "Unity.2D.Animation.Runtime", "Unity.2D.Animation.Runtime.csproj", "{FB9AC1DB-FA48-201E-6C7E-21A9CCED7BB8}"
EndProject
Project("{FAE04EC0-301F-11D3-BF4B-00C04F79EFBC}") = "Unity.2D.IK.Runtime", "Unity.2D.IK.Runtime.csproj", "{5A40EB73-81C9-18EB-33C7-EC8294371C94}"
EndProject
Project("{FAE04EC0-301F-11D3-BF4B-00C04F79EFBC}") = "Unity.2D.SpriteShape.Runtime", "Unity.2D.SpriteShape.Runtime.csproj", "{99ACDA74-DB3B-44FF-DF81-4B0DFA930D76}"
EndProject
Project("{FAE04EC0-301F-11D3-BF4B-00C04F79EFBC}") = "Unity.2D.PixelPerfect", "Unity.2D.PixelPerfect.csproj", "{CD8FEDB7-110D-43D6-9382-2F7171816AC7}"
EndProject
Project("{FAE04EC0-301F-11D3-BF4B-00C04F79EFBC}") = "Unity.2D.Common.Runtime", "Unity.2D.Common.Runtime.csproj", "{646DA553-0B55-FE09-09EF-F37DDB1B8C17}"
EndProject
Project("{FAE04EC0-301F-11D3-BF4B-00C04F79EFBC}") = "Unity.InternalAPIEngineBridge.001", "Unity.InternalAPIEngineBridge.001.csproj", "{9E1E6F27-F2FC-8BF4-50C3-DAD41A300A4B}"
EndProject
Project("{FAE04EC0-301F-11D3-BF4B-00C04F79EFBC}") = "UnityEditor.TestRunner", "UnityEditor.TestRunner.csproj", "{9663D226-AE7D-B3E6-90E9-3F9634C351B9}"
EndProject
Project("{FAE04EC0-301F-11D3-BF4B-00C04F79EFBC}") = "Unity.PlasticSCM.Editor", "Unity.PlasticSCM.Editor.csproj", "{8DC2A80E-585E-5E40-5546-32AF6B07A526}"
EndProject
Project("{FAE04EC0-301F-11D3-BF4B-00C04F79EFBC}") = "UnityEditor.UI", "UnityEditor.UI.csproj", "{053BE59E-C519-EA00-5CCF-E34E6DCD492D}"
EndProject
Project("{FAE04EC0-301F-11D3-BF4B-00C04F79EFBC}") = "Unity.Timeline.Editor", "Unity.Timeline.Editor.csproj", "{70FB809E-757E-084D-4F1F-87371E1948A1}"
EndProject
Project("{FAE04EC0-301F-11D3-BF4B-00C04F79EFBC}") = "Unity.VisualStudio.Editor", "Unity.VisualStudio.Editor.csproj", "{5955C314-EA43-BB63-8CDC-832DF38F5C9C}"
EndProject
Project("{FAE04EC0-301F-11D3-BF4B-00C04F79EFBC}") = "Unity.2D.Psdimporter.Editor", "Unity.2D.Psdimporter.Editor.csproj", "{3A138726-177C-DA01-E016-603E9ABBE256}"
EndProject
Project("{FAE04EC0-301F-11D3-BF4B-00C04F79EFBC}") = "Unity.2D.Animation.Editor", "Unity.2D.Animation.Editor.csproj", "{959A14E1-8CF1-8C3C-4845-5482DFBF0739}"
EndProject
Project("{FAE04EC0-301F-11D3-BF4B-00C04F79EFBC}") = "Unity.TextMeshPro.Editor", "Unity.TextMeshPro.Editor.csproj", "{4774030D-4E15-EBCC-A42F-9C4A475FAC99}"
EndProject
Project("{FAE04EC0-301F-11D3-BF4B-00C04F79EFBC}") = "Unity.2D.SpriteShape.Editor", "Unity.2D.SpriteShape.Editor.csproj", "{00A0EC2D-B64C-2837-98EF-5E24F793F7B7}"
EndProject
Project("{FAE04EC0-301F-11D3-BF4B-00C04F79EFBC}") = "Unity.CollabProxy.Editor", "Unity.CollabProxy.Editor.csproj", "{C17BA0D5-5538-ACAD-D1D1-F5108D1B6F3B}"
EndProject
Project("{FAE04EC0-301F-11D3-BF4B-00C04F79EFBC}") = "PsdPlugin", "PsdPlugin.csproj", "{FA571E8F-4B3F-45B2-56BC-12904A229831}"
EndProject
Project("{FAE04EC0-301F-11D3-BF4B-00C04F79EFBC}") = "Unity.2D.Path.Editor", "Unity.2D.Path.Editor.csproj", "{6DA3B7D9-C4AC-3D17-362A-B8109B494A14}"
EndProject
Project("{FAE04EC0-301F-11D3-BF4B-00C04F79EFBC}") = "Unity.Rider.Editor", "Unity.Rider.Editor.csproj", "{AABE5952-FC99-1F6A-B987-4B4636A6412C}"
EndProject
Project("{FAE04EC0-301F-11D3-BF4B-00C04F79EFBC}") = "Unity.2D.IK.Editor", "Unity.2D.IK.Editor.csproj", "{74CF7B70-2FBE-37C2-C4B0-EF3F4F858EB9}"
EndProject
Project("{FAE04EC0-301F-11D3-BF4B-00C04F79EFBC}") = "Unity.2D.Sprite.Editor", "Unity.2D.Sprite.Editor.csproj", "{C11F9CC0-D090-81FE-C9C8-6A45EDB90FB2}"
EndProject
Project("{FAE04EC0-301F-11D3-BF4B-00C04F79EFBC}") = "Unity.2D.Tilemap.Editor", "Unity.2D.Tilemap.Editor.csproj", "{11BFC6A5-8559-56EB-64E8-81BD2A4ECBBC}"
EndProject
Project("{FAE04EC0-301F-11D3-BF4B-00C04F79EFBC}") = "Unity.2D.PixelPerfect.Editor", "Unity.2D.PixelPerfect.Editor.csproj", "{BC981777-9967-5BC1-10DC-E9530EE72B69}"
EndProject
Project("{FAE04EC0-301F-11D3-BF4B-00C04F79EFBC}") = "Unity.VSCode.Editor", "Unity.VSCode.Editor.csproj", "{AF328687-E7DC-62BA-C6F3-D949CDD3AC68}"
EndProject
Project("{FAE04EC0-301F-11D3-BF4B-00C04F79EFBC}") = "Unity.2D.Common.Editor", "Unity.2D.Common.Editor.csproj", "{50CB43B2-A3D6-40A9-F15B-D6FCEC9B340D}"
EndProject
Project("{FAE04EC0-301F-11D3-BF4B-00C04F79EFBC}") = "Unity.Mathematics.Editor", "Unity.Mathematics.Editor.csproj", "{D591715C-934A-79E6-41CE-525F4A50FDB3}"
EndProject
Project("{FAE04EC0-301F-11D3-BF4B-00C04F79EFBC}") = "Unity.InternalAPIEditorBridge.001", "Unity.InternalAPIEditorBridge.001.csproj", "{D476311F-A5C3-88D0-A486-0C51EDF2BFD8}"
EndProject
Project("{FAE04EC0-301F-11D3-BF4B-00C04F79EFBC}") = "UnityEngine.UI", "UnityEngine.UI.Player.csproj", "{97C94036-115B-E2BB-40CF-46F0CD331E08}"
EndProject
Project("{FAE04EC0-301F-11D3-BF4B-00C04F79EFBC}") = "UnityEngine.TestRunner", "UnityEngine.TestRunner.Player.csproj", "{6E94BCC7-9BD1-9D68-E415-8A90068EFDD2}"
EndProject
Project("{FAE04EC0-301F-11D3-BF4B-00C04F79EFBC}") = "Unity.Mathematics", "Unity.Mathematics.Player.csproj", "{81104973-D748-40B0-222D-D293422C9E3F}"
EndProject
Project("{FAE04EC0-301F-11D3-BF4B-00C04F79EFBC}") = "Unity.2D.Animation.Triangle.Runtime", "Unity.2D.Animation.Triangle.Runtime.Player.csproj", "{893F6A8F-2179-8286-107B-BDF87F55D096}"
EndProject
Project("{FAE04EC0-301F-11D3-BF4B-00C04F79EFBC}") = "Assembly-CSharp", "Assembly-CSharp.Player.csproj", "{6F04C464-69C2-A972-0140-030A8B78EE33}"
EndProject
Project("{FAE04EC0-301F-11D3-BF4B-00C04F79EFBC}") = "Unity.Timeline", "Unity.Timeline.Player.csproj", "{7B0977BC-3CE1-1077-1191-987334D8C37B}"
EndProject
Project("{FAE04EC0-301F-11D3-BF4B-00C04F79EFBC}") = "Unity.TextMeshPro", "Unity.TextMeshPro.Player.csproj", "{8FCC2104-4581-4116-4690-0FFBA90A1F2E}"
EndProject
Project("{FAE04EC0-301F-11D3-BF4B-00C04F79EFBC}") = "Unity.2D.Animation.Runtime", "Unity.2D.Animation.Runtime.Player.csproj", "{E6C271F8-89D5-5FC2-9F7A-D3B11CBD40DB}"
EndProject
Project("{FAE04EC0-301F-11D3-BF4B-00C04F79EFBC}") = "Unity.2D.IK.Runtime", "Unity.2D.IK.Runtime.Player.csproj", "{3DB39C1A-F671-91DA-C7AD-49C4F860C443}"
EndProject
Project("{FAE04EC0-301F-11D3-BF4B-00C04F79EFBC}") = "Unity.2D.SpriteShape.Runtime", "Unity.2D.SpriteShape.Runtime.Player.csproj", "{1F5CF1D0-E9B2-47F8-3F59-20E54746A73F}"
EndProject
Project("{FAE04EC0-301F-11D3-BF4B-00C04F79EFBC}") = "Unity.2D.PixelPerfect", "Unity.2D.PixelPerfect.Player.csproj", "{91BABA92-6033-5AD4-E8FC-460F0B91D8AC}"
EndProject
Project("{FAE04EC0-301F-11D3-BF4B-00C04F79EFBC}") = "Unity.2D.Common.Runtime", "Unity.2D.Common.Runtime.Player.csproj", "{BF0790A6-98E1-7327-307C-87FE4B6EC9A0}"
EndProject
Project("{FAE04EC0-301F-11D3-BF4B-00C04F79EFBC}") = "Unity.InternalAPIEngineBridge.001", "Unity.InternalAPIEngineBridge.001.Player.csproj", "{9C600BE0-7011-5EC0-545D-255315C28BE4}"
EndProject
Global
	GlobalSection(SolutionConfigurationPlatforms) = preSolution
		Debug|Any CPU = Debug|Any CPU
		Release|Any CPU = Release|Any CPU
	EndGlobalSection
	GlobalSection(ProjectConfigurationPlatforms) = postSolution
		{E991880D-4DD7-A5DE-C90E-CB9DD64410B5}.Debug|Any CPU.ActiveCfg = Debug|Any CPU
		{E991880D-4DD7-A5DE-C90E-CB9DD64410B5}.Debug|Any CPU.Build.0 = Debug|Any CPU
		{E991880D-4DD7-A5DE-C90E-CB9DD64410B5}.Release|Any CPU.ActiveCfg = Release|Any CPU
		{E991880D-4DD7-A5DE-C90E-CB9DD64410B5}.Release|Any CPU.Build.0 = Release|Any CPU
		{27ACD339-C98C-FCED-A3EB-BDB8FD2B03DF}.Debug|Any CPU.ActiveCfg = Debug|Any CPU
		{27ACD339-C98C-FCED-A3EB-BDB8FD2B03DF}.Debug|Any CPU.Build.0 = Debug|Any CPU
		{27ACD339-C98C-FCED-A3EB-BDB8FD2B03DF}.Release|Any CPU.ActiveCfg = Release|Any CPU
		{27ACD339-C98C-FCED-A3EB-BDB8FD2B03DF}.Release|Any CPU.Build.0 = Release|Any CPU
		{E8D4F454-81C6-A2EE-5D73-A59897B92681}.Debug|Any CPU.ActiveCfg = Debug|Any CPU
		{E8D4F454-81C6-A2EE-5D73-A59897B92681}.Debug|Any CPU.Build.0 = Debug|Any CPU
		{E8D4F454-81C6-A2EE-5D73-A59897B92681}.Release|Any CPU.ActiveCfg = Release|Any CPU
		{E8D4F454-81C6-A2EE-5D73-A59897B92681}.Release|Any CPU.Build.0 = Release|Any CPU
		{0845EBC6-D648-51F7-3EB6-CFACCE1C4429}.Debug|Any CPU.ActiveCfg = Debug|Any CPU
		{0845EBC6-D648-51F7-3EB6-CFACCE1C4429}.Debug|Any CPU.Build.0 = Debug|Any CPU
		{0845EBC6-D648-51F7-3EB6-CFACCE1C4429}.Release|Any CPU.ActiveCfg = Release|Any CPU
		{0845EBC6-D648-51F7-3EB6-CFACCE1C4429}.Release|Any CPU.Build.0 = Release|Any CPU
		{F4439203-C38C-1896-46B8-75AF86568070}.Debug|Any CPU.ActiveCfg = Debug|Any CPU
		{F4439203-C38C-1896-46B8-75AF86568070}.Debug|Any CPU.Build.0 = Debug|Any CPU
		{F4439203-C38C-1896-46B8-75AF86568070}.Release|Any CPU.ActiveCfg = Release|Any CPU
		{F4439203-C38C-1896-46B8-75AF86568070}.Release|Any CPU.Build.0 = Release|Any CPU
		{2E5B804D-8D4E-D034-C23C-A2125F25B262}.Debug|Any CPU.ActiveCfg = Debug|Any CPU
		{2E5B804D-8D4E-D034-C23C-A2125F25B262}.Debug|Any CPU.Build.0 = Debug|Any CPU
		{2E5B804D-8D4E-D034-C23C-A2125F25B262}.Release|Any CPU.ActiveCfg = Release|Any CPU
		{2E5B804D-8D4E-D034-C23C-A2125F25B262}.Release|Any CPU.Build.0 = Release|Any CPU
		{93F37667-BAE7-D1F7-84FB-3A22A482D679}.Debug|Any CPU.ActiveCfg = Debug|Any CPU
		{93F37667-BAE7-D1F7-84FB-3A22A482D679}.Debug|Any CPU.Build.0 = Debug|Any CPU
		{93F37667-BAE7-D1F7-84FB-3A22A482D679}.Release|Any CPU.ActiveCfg = Release|Any CPU
		{93F37667-BAE7-D1F7-84FB-3A22A482D679}.Release|Any CPU.Build.0 = Release|Any CPU
		{FB9AC1DB-FA48-201E-6C7E-21A9CCED7BB8}.Debug|Any CPU.ActiveCfg = Debug|Any CPU
		{FB9AC1DB-FA48-201E-6C7E-21A9CCED7BB8}.Debug|Any CPU.Build.0 = Debug|Any CPU
		{FB9AC1DB-FA48-201E-6C7E-21A9CCED7BB8}.Release|Any CPU.ActiveCfg = Release|Any CPU
		{FB9AC1DB-FA48-201E-6C7E-21A9CCED7BB8}.Release|Any CPU.Build.0 = Release|Any CPU
		{5A40EB73-81C9-18EB-33C7-EC8294371C94}.Debug|Any CPU.ActiveCfg = Debug|Any CPU
		{5A40EB73-81C9-18EB-33C7-EC8294371C94}.Debug|Any CPU.Build.0 = Debug|Any CPU
		{5A40EB73-81C9-18EB-33C7-EC8294371C94}.Release|Any CPU.ActiveCfg = Release|Any CPU
		{5A40EB73-81C9-18EB-33C7-EC8294371C94}.Release|Any CPU.Build.0 = Release|Any CPU
		{99ACDA74-DB3B-44FF-DF81-4B0DFA930D76}.Debug|Any CPU.ActiveCfg = Debug|Any CPU
		{99ACDA74-DB3B-44FF-DF81-4B0DFA930D76}.Debug|Any CPU.Build.0 = Debug|Any CPU
		{99ACDA74-DB3B-44FF-DF81-4B0DFA930D76}.Release|Any CPU.ActiveCfg = Release|Any CPU
		{99ACDA74-DB3B-44FF-DF81-4B0DFA930D76}.Release|Any CPU.Build.0 = Release|Any CPU
		{CD8FEDB7-110D-43D6-9382-2F7171816AC7}.Debug|Any CPU.ActiveCfg = Debug|Any CPU
		{CD8FEDB7-110D-43D6-9382-2F7171816AC7}.Debug|Any CPU.Build.0 = Debug|Any CPU
		{CD8FEDB7-110D-43D6-9382-2F7171816AC7}.Release|Any CPU.ActiveCfg = Release|Any CPU
		{CD8FEDB7-110D-43D6-9382-2F7171816AC7}.Release|Any CPU.Build.0 = Release|Any CPU
		{646DA553-0B55-FE09-09EF-F37DDB1B8C17}.Debug|Any CPU.ActiveCfg = Debug|Any CPU
		{646DA553-0B55-FE09-09EF-F37DDB1B8C17}.Debug|Any CPU.Build.0 = Debug|Any CPU
		{646DA553-0B55-FE09-09EF-F37DDB1B8C17}.Release|Any CPU.ActiveCfg = Release|Any CPU
		{646DA553-0B55-FE09-09EF-F37DDB1B8C17}.Release|Any CPU.Build.0 = Release|Any CPU
		{9E1E6F27-F2FC-8BF4-50C3-DAD41A300A4B}.Debug|Any CPU.ActiveCfg = Debug|Any CPU
		{9E1E6F27-F2FC-8BF4-50C3-DAD41A300A4B}.Debug|Any CPU.Build.0 = Debug|Any CPU
		{9E1E6F27-F2FC-8BF4-50C3-DAD41A300A4B}.Release|Any CPU.ActiveCfg = Release|Any CPU
		{9E1E6F27-F2FC-8BF4-50C3-DAD41A300A4B}.Release|Any CPU.Build.0 = Release|Any CPU
		{9663D226-AE7D-B3E6-90E9-3F9634C351B9}.Debug|Any CPU.ActiveCfg = Debug|Any CPU
		{9663D226-AE7D-B3E6-90E9-3F9634C351B9}.Debug|Any CPU.Build.0 = Debug|Any CPU
		{9663D226-AE7D-B3E6-90E9-3F9634C351B9}.Release|Any CPU.ActiveCfg = Release|Any CPU
		{9663D226-AE7D-B3E6-90E9-3F9634C351B9}.Release|Any CPU.Build.0 = Release|Any CPU
		{8DC2A80E-585E-5E40-5546-32AF6B07A526}.Debug|Any CPU.ActiveCfg = Debug|Any CPU
		{8DC2A80E-585E-5E40-5546-32AF6B07A526}.Debug|Any CPU.Build.0 = Debug|Any CPU
		{8DC2A80E-585E-5E40-5546-32AF6B07A526}.Release|Any CPU.ActiveCfg = Release|Any CPU
		{8DC2A80E-585E-5E40-5546-32AF6B07A526}.Release|Any CPU.Build.0 = Release|Any CPU
		{053BE59E-C519-EA00-5CCF-E34E6DCD492D}.Debug|Any CPU.ActiveCfg = Debug|Any CPU
		{053BE59E-C519-EA00-5CCF-E34E6DCD492D}.Debug|Any CPU.Build.0 = Debug|Any CPU
		{053BE59E-C519-EA00-5CCF-E34E6DCD492D}.Release|Any CPU.ActiveCfg = Release|Any CPU
		{053BE59E-C519-EA00-5CCF-E34E6DCD492D}.Release|Any CPU.Build.0 = Release|Any CPU
		{70FB809E-757E-084D-4F1F-87371E1948A1}.Debug|Any CPU.ActiveCfg = Debug|Any CPU
		{70FB809E-757E-084D-4F1F-87371E1948A1}.Debug|Any CPU.Build.0 = Debug|Any CPU
		{70FB809E-757E-084D-4F1F-87371E1948A1}.Release|Any CPU.ActiveCfg = Release|Any CPU
		{70FB809E-757E-084D-4F1F-87371E1948A1}.Release|Any CPU.Build.0 = Release|Any CPU
		{5955C314-EA43-BB63-8CDC-832DF38F5C9C}.Debug|Any CPU.ActiveCfg = Debug|Any CPU
		{5955C314-EA43-BB63-8CDC-832DF38F5C9C}.Debug|Any CPU.Build.0 = Debug|Any CPU
		{5955C314-EA43-BB63-8CDC-832DF38F5C9C}.Release|Any CPU.ActiveCfg = Release|Any CPU
		{5955C314-EA43-BB63-8CDC-832DF38F5C9C}.Release|Any CPU.Build.0 = Release|Any CPU
		{3A138726-177C-DA01-E016-603E9ABBE256}.Debug|Any CPU.ActiveCfg = Debug|Any CPU
		{3A138726-177C-DA01-E016-603E9ABBE256}.Debug|Any CPU.Build.0 = Debug|Any CPU
		{3A138726-177C-DA01-E016-603E9ABBE256}.Release|Any CPU.ActiveCfg = Release|Any CPU
		{3A138726-177C-DA01-E016-603E9ABBE256}.Release|Any CPU.Build.0 = Release|Any CPU
		{959A14E1-8CF1-8C3C-4845-5482DFBF0739}.Debug|Any CPU.ActiveCfg = Debug|Any CPU
		{959A14E1-8CF1-8C3C-4845-5482DFBF0739}.Debug|Any CPU.Build.0 = Debug|Any CPU
		{959A14E1-8CF1-8C3C-4845-5482DFBF0739}.Release|Any CPU.ActiveCfg = Release|Any CPU
		{959A14E1-8CF1-8C3C-4845-5482DFBF0739}.Release|Any CPU.Build.0 = Release|Any CPU
		{4774030D-4E15-EBCC-A42F-9C4A475FAC99}.Debug|Any CPU.ActiveCfg = Debug|Any CPU
		{4774030D-4E15-EBCC-A42F-9C4A475FAC99}.Debug|Any CPU.Build.0 = Debug|Any CPU
		{4774030D-4E15-EBCC-A42F-9C4A475FAC99}.Release|Any CPU.ActiveCfg = Release|Any CPU
		{4774030D-4E15-EBCC-A42F-9C4A475FAC99}.Release|Any CPU.Build.0 = Release|Any CPU
		{00A0EC2D-B64C-2837-98EF-5E24F793F7B7}.Debug|Any CPU.ActiveCfg = Debug|Any CPU
		{00A0EC2D-B64C-2837-98EF-5E24F793F7B7}.Debug|Any CPU.Build.0 = Debug|Any CPU
		{00A0EC2D-B64C-2837-98EF-5E24F793F7B7}.Release|Any CPU.ActiveCfg = Release|Any CPU
		{00A0EC2D-B64C-2837-98EF-5E24F793F7B7}.Release|Any CPU.Build.0 = Release|Any CPU
		{C17BA0D5-5538-ACAD-D1D1-F5108D1B6F3B}.Debug|Any CPU.ActiveCfg = Debug|Any CPU
		{C17BA0D5-5538-ACAD-D1D1-F5108D1B6F3B}.Debug|Any CPU.Build.0 = Debug|Any CPU
		{C17BA0D5-5538-ACAD-D1D1-F5108D1B6F3B}.Release|Any CPU.ActiveCfg = Release|Any CPU
		{C17BA0D5-5538-ACAD-D1D1-F5108D1B6F3B}.Release|Any CPU.Build.0 = Release|Any CPU
		{FA571E8F-4B3F-45B2-56BC-12904A229831}.Debug|Any CPU.ActiveCfg = Debug|Any CPU
		{FA571E8F-4B3F-45B2-56BC-12904A229831}.Debug|Any CPU.Build.0 = Debug|Any CPU
		{FA571E8F-4B3F-45B2-56BC-12904A229831}.Release|Any CPU.ActiveCfg = Release|Any CPU
		{FA571E8F-4B3F-45B2-56BC-12904A229831}.Release|Any CPU.Build.0 = Release|Any CPU
		{6DA3B7D9-C4AC-3D17-362A-B8109B494A14}.Debug|Any CPU.ActiveCfg = Debug|Any CPU
		{6DA3B7D9-C4AC-3D17-362A-B8109B494A14}.Debug|Any CPU.Build.0 = Debug|Any CPU
		{6DA3B7D9-C4AC-3D17-362A-B8109B494A14}.Release|Any CPU.ActiveCfg = Release|Any CPU
		{6DA3B7D9-C4AC-3D17-362A-B8109B494A14}.Release|Any CPU.Build.0 = Release|Any CPU
		{AABE5952-FC99-1F6A-B987-4B4636A6412C}.Debug|Any CPU.ActiveCfg = Debug|Any CPU
		{AABE5952-FC99-1F6A-B987-4B4636A6412C}.Debug|Any CPU.Build.0 = Debug|Any CPU
		{AABE5952-FC99-1F6A-B987-4B4636A6412C}.Release|Any CPU.ActiveCfg = Release|Any CPU
		{AABE5952-FC99-1F6A-B987-4B4636A6412C}.Release|Any CPU.Build.0 = Release|Any CPU
		{74CF7B70-2FBE-37C2-C4B0-EF3F4F858EB9}.Debug|Any CPU.ActiveCfg = Debug|Any CPU
		{74CF7B70-2FBE-37C2-C4B0-EF3F4F858EB9}.Debug|Any CPU.Build.0 = Debug|Any CPU
		{74CF7B70-2FBE-37C2-C4B0-EF3F4F858EB9}.Release|Any CPU.ActiveCfg = Release|Any CPU
		{74CF7B70-2FBE-37C2-C4B0-EF3F4F858EB9}.Release|Any CPU.Build.0 = Release|Any CPU
		{C11F9CC0-D090-81FE-C9C8-6A45EDB90FB2}.Debug|Any CPU.ActiveCfg = Debug|Any CPU
		{C11F9CC0-D090-81FE-C9C8-6A45EDB90FB2}.Debug|Any CPU.Build.0 = Debug|Any CPU
		{C11F9CC0-D090-81FE-C9C8-6A45EDB90FB2}.Release|Any CPU.ActiveCfg = Release|Any CPU
		{C11F9CC0-D090-81FE-C9C8-6A45EDB90FB2}.Release|Any CPU.Build.0 = Release|Any CPU
		{11BFC6A5-8559-56EB-64E8-81BD2A4ECBBC}.Debug|Any CPU.ActiveCfg = Debug|Any CPU
		{11BFC6A5-8559-56EB-64E8-81BD2A4ECBBC}.Debug|Any CPU.Build.0 = Debug|Any CPU
		{11BFC6A5-8559-56EB-64E8-81BD2A4ECBBC}.Release|Any CPU.ActiveCfg = Release|Any CPU
		{11BFC6A5-8559-56EB-64E8-81BD2A4ECBBC}.Release|Any CPU.Build.0 = Release|Any CPU
		{BC981777-9967-5BC1-10DC-E9530EE72B69}.Debug|Any CPU.ActiveCfg = Debug|Any CPU
		{BC981777-9967-5BC1-10DC-E9530EE72B69}.Debug|Any CPU.Build.0 = Debug|Any CPU
		{BC981777-9967-5BC1-10DC-E9530EE72B69}.Release|Any CPU.ActiveCfg = Release|Any CPU
		{BC981777-9967-5BC1-10DC-E9530EE72B69}.Release|Any CPU.Build.0 = Release|Any CPU
		{AF328687-E7DC-62BA-C6F3-D949CDD3AC68}.Debug|Any CPU.ActiveCfg = Debug|Any CPU
		{AF328687-E7DC-62BA-C6F3-D949CDD3AC68}.Debug|Any CPU.Build.0 = Debug|Any CPU
		{AF328687-E7DC-62BA-C6F3-D949CDD3AC68}.Release|Any CPU.ActiveCfg = Release|Any CPU
		{AF328687-E7DC-62BA-C6F3-D949CDD3AC68}.Release|Any CPU.Build.0 = Release|Any CPU
		{50CB43B2-A3D6-40A9-F15B-D6FCEC9B340D}.Debug|Any CPU.ActiveCfg = Debug|Any CPU
		{50CB43B2-A3D6-40A9-F15B-D6FCEC9B340D}.Debug|Any CPU.Build.0 = Debug|Any CPU
		{50CB43B2-A3D6-40A9-F15B-D6FCEC9B340D}.Release|Any CPU.ActiveCfg = Release|Any CPU
		{50CB43B2-A3D6-40A9-F15B-D6FCEC9B340D}.Release|Any CPU.Build.0 = Release|Any CPU
		{D591715C-934A-79E6-41CE-525F4A50FDB3}.Debug|Any CPU.ActiveCfg = Debug|Any CPU
		{D591715C-934A-79E6-41CE-525F4A50FDB3}.Debug|Any CPU.Build.0 = Debug|Any CPU
		{D591715C-934A-79E6-41CE-525F4A50FDB3}.Release|Any CPU.ActiveCfg = Release|Any CPU
		{D591715C-934A-79E6-41CE-525F4A50FDB3}.Release|Any CPU.Build.0 = Release|Any CPU
		{D476311F-A5C3-88D0-A486-0C51EDF2BFD8}.Debug|Any CPU.ActiveCfg = Debug|Any CPU
		{D476311F-A5C3-88D0-A486-0C51EDF2BFD8}.Debug|Any CPU.Build.0 = Debug|Any CPU
		{D476311F-A5C3-88D0-A486-0C51EDF2BFD8}.Release|Any CPU.ActiveCfg = Release|Any CPU
		{D476311F-A5C3-88D0-A486-0C51EDF2BFD8}.Release|Any CPU.Build.0 = Release|Any CPU
		{97C94036-115B-E2BB-40CF-46F0CD331E08}.Debug|Any CPU.ActiveCfg = Debug|Any CPU
		{97C94036-115B-E2BB-40CF-46F0CD331E08}.Debug|Any CPU.Build.0 = Debug|Any CPU
		{97C94036-115B-E2BB-40CF-46F0CD331E08}.Release|Any CPU.ActiveCfg = Release|Any CPU
		{97C94036-115B-E2BB-40CF-46F0CD331E08}.Release|Any CPU.Build.0 = Release|Any CPU
		{6E94BCC7-9BD1-9D68-E415-8A90068EFDD2}.Debug|Any CPU.ActiveCfg = Debug|Any CPU
		{6E94BCC7-9BD1-9D68-E415-8A90068EFDD2}.Debug|Any CPU.Build.0 = Debug|Any CPU
		{6E94BCC7-9BD1-9D68-E415-8A90068EFDD2}.Release|Any CPU.ActiveCfg = Release|Any CPU
		{6E94BCC7-9BD1-9D68-E415-8A90068EFDD2}.Release|Any CPU.Build.0 = Release|Any CPU
		{81104973-D748-40B0-222D-D293422C9E3F}.Debug|Any CPU.ActiveCfg = Debug|Any CPU
		{81104973-D748-40B0-222D-D293422C9E3F}.Debug|Any CPU.Build.0 = Debug|Any CPU
		{81104973-D748-40B0-222D-D293422C9E3F}.Release|Any CPU.ActiveCfg = Release|Any CPU
		{81104973-D748-40B0-222D-D293422C9E3F}.Release|Any CPU.Build.0 = Release|Any CPU
		{893F6A8F-2179-8286-107B-BDF87F55D096}.Debug|Any CPU.ActiveCfg = Debug|Any CPU
		{893F6A8F-2179-8286-107B-BDF87F55D096}.Debug|Any CPU.Build.0 = Debug|Any CPU
		{893F6A8F-2179-8286-107B-BDF87F55D096}.Release|Any CPU.ActiveCfg = Release|Any CPU
		{893F6A8F-2179-8286-107B-BDF87F55D096}.Release|Any CPU.Build.0 = Release|Any CPU
		{6F04C464-69C2-A972-0140-030A8B78EE33}.Debug|Any CPU.ActiveCfg = Debug|Any CPU
		{6F04C464-69C2-A972-0140-030A8B78EE33}.Debug|Any CPU.Build.0 = Debug|Any CPU
		{6F04C464-69C2-A972-0140-030A8B78EE33}.Release|Any CPU.ActiveCfg = Release|Any CPU
		{6F04C464-69C2-A972-0140-030A8B78EE33}.Release|Any CPU.Build.0 = Release|Any CPU
		{7B0977BC-3CE1-1077-1191-987334D8C37B}.Debug|Any CPU.ActiveCfg = Debug|Any CPU
		{7B0977BC-3CE1-1077-1191-987334D8C37B}.Debug|Any CPU.Build.0 = Debug|Any CPU
		{7B0977BC-3CE1-1077-1191-987334D8C37B}.Release|Any CPU.ActiveCfg = Release|Any CPU
		{7B0977BC-3CE1-1077-1191-987334D8C37B}.Release|Any CPU.Build.0 = Release|Any CPU
		{8FCC2104-4581-4116-4690-0FFBA90A1F2E}.Debug|Any CPU.ActiveCfg = Debug|Any CPU
		{8FCC2104-4581-4116-4690-0FFBA90A1F2E}.Debug|Any CPU.Build.0 = Debug|Any CPU
		{8FCC2104-4581-4116-4690-0FFBA90A1F2E}.Release|Any CPU.ActiveCfg = Release|Any CPU
		{8FCC2104-4581-4116-4690-0FFBA90A1F2E}.Release|Any CPU.Build.0 = Release|Any CPU
		{E6C271F8-89D5-5FC2-9F7A-D3B11CBD40DB}.Debug|Any CPU.ActiveCfg = Debug|Any CPU
		{E6C271F8-89D5-5FC2-9F7A-D3B11CBD40DB}.Debug|Any CPU.Build.0 = Debug|Any CPU
		{E6C271F8-89D5-5FC2-9F7A-D3B11CBD40DB}.Release|Any CPU.ActiveCfg = Release|Any CPU
		{E6C271F8-89D5-5FC2-9F7A-D3B11CBD40DB}.Release|Any CPU.Build.0 = Release|Any CPU
		{3DB39C1A-F671-91DA-C7AD-49C4F860C443}.Debug|Any CPU.ActiveCfg = Debug|Any CPU
		{3DB39C1A-F671-91DA-C7AD-49C4F860C443}.Debug|Any CPU.Build.0 = Debug|Any CPU
		{3DB39C1A-F671-91DA-C7AD-49C4F860C443}.Release|Any CPU.ActiveCfg = Release|Any CPU
		{3DB39C1A-F671-91DA-C7AD-49C4F860C443}.Release|Any CPU.Build.0 = Release|Any CPU
		{1F5CF1D0-E9B2-47F8-3F59-20E54746A73F}.Debug|Any CPU.ActiveCfg = Debug|Any CPU
		{1F5CF1D0-E9B2-47F8-3F59-20E54746A73F}.Debug|Any CPU.Build.0 = Debug|Any CPU
		{1F5CF1D0-E9B2-47F8-3F59-20E54746A73F}.Release|Any CPU.ActiveCfg = Release|Any CPU
		{1F5CF1D0-E9B2-47F8-3F59-20E54746A73F}.Release|Any CPU.Build.0 = Release|Any CPU
		{91BABA92-6033-5AD4-E8FC-460F0B91D8AC}.Debug|Any CPU.ActiveCfg = Debug|Any CPU
		{91BABA92-6033-5AD4-E8FC-460F0B91D8AC}.Debug|Any CPU.Build.0 = Debug|Any CPU
		{91BABA92-6033-5AD4-E8FC-460F0B91D8AC}.Release|Any CPU.ActiveCfg = Release|Any CPU
		{91BABA92-6033-5AD4-E8FC-460F0B91D8AC}.Release|Any CPU.Build.0 = Release|Any CPU
		{BF0790A6-98E1-7327-307C-87FE4B6EC9A0}.Debug|Any CPU.ActiveCfg = Debug|Any CPU
		{BF0790A6-98E1-7327-307C-87FE4B6EC9A0}.Debug|Any CPU.Build.0 = Debug|Any CPU
		{BF0790A6-98E1-7327-307C-87FE4B6EC9A0}.Release|Any CPU.ActiveCfg = Release|Any CPU
		{BF0790A6-98E1-7327-307C-87FE4B6EC9A0}.Release|Any CPU.Build.0 = Release|Any CPU
		{9C600BE0-7011-5EC0-545D-255315C28BE4}.Debug|Any CPU.ActiveCfg = Debug|Any CPU
		{9C600BE0-7011-5EC0-545D-255315C28BE4}.Debug|Any CPU.Build.0 = Debug|Any CPU
		{9C600BE0-7011-5EC0-545D-255315C28BE4}.Release|Any CPU.ActiveCfg = Release|Any CPU
		{9C600BE0-7011-5EC0-545D-255315C28BE4}.Release|Any CPU.Build.0 = Release|Any CPU
	EndGlobalSection
	GlobalSection(SolutionProperties) = preSolution
		HideSolutionNode = FALSE
	EndGlobalSection
EndGlobal
